
Microsoft Visual Studio Solution File, Format Version 12.00
# Visual Studio Version 17
VisualStudioVersion = 17.11.35327.3
MinimumVisualStudioVersion = 10.0.40219.1
Project("{2150E333-8FDC-42A3-9474-1A3956D46DE8}") = "Task0", "Task0", "{DA5619D5-F589-408D-9428-B027A67930EA}"
EndProject
Project("{2150E333-8FDC-42A3-9474-1A3956D46DE8}") = "Task1", "Task1", "{95871AEA-673B-4A5C-AF14-AC399FAFDFB4}"
EndProject
Project("{2150E333-8FDC-42A3-9474-1A3956D46DE8}") = "Task2", "Task2", "{46465B6E-B2E4-4C9B-9E59-E433338B86E8}"
EndProject
Project("{2150E333-8FDC-42A3-9474-1A3956D46DE8}") = "Task3", "Task3", "{76AFEEEF-A215-471B-9DF8-A4DA254C69BD}"
EndProject
Project("{2150E333-8FDC-42A3-9474-1A3956D46DE8}") = "Task4", "Task4", "{C964135F-378D-497D-A6C2-E2F8A56E9275}"
EndProject
Project("{2150E333-8FDC-42A3-9474-1A3956D46DE8}") = "Task5", "Task5", "{2D81A9D5-D6B2-4854-B7F0-8EC1A0C54556}"
EndProject
Project("{2150E333-8FDC-42A3-9474-1A3956D46DE8}") = "Task6", "Task6", "{CBC770EC-11D8-491D-A6E8-1826D27468C1}"
EndProject
Project("{2150E333-8FDC-42A3-9474-1A3956D46DE8}") = "Task7", "Task7", "{35D85FAA-F6EF-4793-B485-86DEEB86F969}"
EndProject
Project("{FAE04EC0-301F-11D3-BF4B-00C04F79EFBC}") = "Tyuiu.KhrapkoDD.Sprint3.Task0.V11", "Tyuiu.KhrapkoDD.Sprint3.Task0.V11\Tyuiu.KhrapkoDD.Sprint3.Task0.V11.csproj", "{3BCDD3F9-BF35-45E7-A41A-DBC799078B72}"
EndProject
Project("{FAE04EC0-301F-11D3-BF4B-00C04F79EFBC}") = "Tyuiu.KhrapkoDD.Sprint3.Task0.V11.Test", "Tyuiu.KhrapkoDD.Sprint3.Task0.V11.Test\Tyuiu.KhrapkoDD.Sprint3.Task0.V11.Test.csproj", "{60BCB64D-233F-4D45-AF0C-28F5DA839C94}"
EndProject
Project("{FAE04EC0-301F-11D3-BF4B-00C04F79EFBC}") = "Tyuiu.KhrapkoDD.Sprint3.Task0.V11.Lib", "Tyuiu.KhrapkoDD.Sprint3.Task0.V11.Lib\Tyuiu.KhrapkoDD.Sprint3.Task0.V11.Lib.csproj", "{D9E630AE-CA3B-439E-9D44-53BFAD4BF373}"
EndProject
Project("{FAE04EC0-301F-11D3-BF4B-00C04F79EFBC}") = "Tyuiu.KhrapkoDD.Sprint3.Task1.V8.Lib", "Tyuiu.KhrapkoDD.Sprint3.Task1.V8.Lib\Tyuiu.KhrapkoDD.Sprint3.Task1.V8.Lib.csproj", "{ACA66C4B-2C17-4C9B-BFB2-60915EE2CF3D}"
EndProject
Project("{FAE04EC0-301F-11D3-BF4B-00C04F79EFBC}") = "Tyuiu.KhrapkoDD.Sprint3.Task1.V8", "Tyuiu.KhrapkoDD.Sprint3.Task1.V8\Tyuiu.KhrapkoDD.Sprint3.Task1.V8.csproj", "{9BA1F866-0245-4953-9155-CD12B4ACA8B7}"
EndProject
Project("{FAE04EC0-301F-11D3-BF4B-00C04F79EFBC}") = "Tyuiu.KhrapkoDD.Sprint3.Task1.V8.Test", "Tyuiu.KhrapkoDD.Sprint3.Task1.V8.Test\Tyuiu.KhrapkoDD.Sprint3.Task1.V8.Test.csproj", "{F064A93A-E7A9-4AE4-89DC-347096C09BBB}"
EndProject
Project("{FAE04EC0-301F-11D3-BF4B-00C04F79EFBC}") = "Tyuiu.KhrapkoDD.Sprint3.Task2.V2.Test", "Tyuiu.KhrapkoDD.Sprint3.Task2.V2.Test\Tyuiu.KhrapkoDD.Sprint3.Task2.V2.Test.csproj", "{80F68ABC-CC6B-4717-8497-508F74A87D36}"
EndProject
Project("{FAE04EC0-301F-11D3-BF4B-00C04F79EFBC}") = "Tyuiu.KhrapkoDD.Sprint3.Task2.V2.Lib", "Tyuiu.KhrapkoDD.Sprint3.Task2.V2.Lib\Tyuiu.KhrapkoDD.Sprint3.Task2.V2.Lib.csproj", "{9747D56B-4180-4287-A329-3B492538E776}"
EndProject
Project("{FAE04EC0-301F-11D3-BF4B-00C04F79EFBC}") = "Tyuiu.KhrapkoDD.Sprint3.Task2.V2", "Tyuiu.KhrapkoDD.Sprint3.Task2.V2\Tyuiu.KhrapkoDD.Sprint3.Task2.V2.csproj", "{C7931140-4A4E-464F-9785-6BFC06E806B3}"
EndProject
Project("{FAE04EC0-301F-11D3-BF4B-00C04F79EFBC}") = "Tyuiu.KhrapkoDD.Sprint3.Task3.V10", "Tyuiu.KhrapkoDD.Sprint3.Task3.V10\Tyuiu.KhrapkoDD.Sprint3.Task3.V10.csproj", "{96A4C4E6-D191-41BE-8D53-BA8F0896856D}"
EndProject
Project("{FAE04EC0-301F-11D3-BF4B-00C04F79EFBC}") = "Tyuiu.KhrapkoDD.Sprint3.Task3.V10.Lib", "Tyuiu.KhrapkoDD.Sprint3.Task3.V10.Lib\Tyuiu.KhrapkoDD.Sprint3.Task3.V10.Lib.csproj", "{60889E39-ADD0-42F2-AE5E-6B601306404C}"
EndProject
Project("{FAE04EC0-301F-11D3-BF4B-00C04F79EFBC}") = "Tyuiu.KhrapkoDD.Sprint3.Task3.V10.Test", "Tyuiu.KhrapkoDD.Sprint3.Task3.V10.Test\Tyuiu.KhrapkoDD.Sprint3.Task3.V10.Test.csproj", "{214EC1C9-BFB7-4329-BAE9-175CDA4FD779}"
EndProject
Project("{FAE04EC0-301F-11D3-BF4B-00C04F79EFBC}") = "Tyuiu.KhrapkoDD.Sprint3.Task4.V8.Test", "Tyuiu.KhrapkoDD.Sprint3.Task4.V8.Test\Tyuiu.KhrapkoDD.Sprint3.Task4.V8.Test.csproj", "{4D76B379-5FA3-4E85-BADB-06DAB05AEF99}"
EndProject
Project("{FAE04EC0-301F-11D3-BF4B-00C04F79EFBC}") = "Tyuiu.KhrapkoDD.Sprint3.Task4.V8.Lib", "Tyuiu.KhrapkoDD.Sprint3.Task4.V8.Lib\Tyuiu.KhrapkoDD.Sprint3.Task4.V8.Lib.csproj", "{265C13B7-74BF-48F2-87A9-19BB2E4401E3}"
EndProject
Project("{FAE04EC0-301F-11D3-BF4B-00C04F79EFBC}") = "Tyuiu.KhrapkoDD.Sprint3.Task4.V8", "Tyuiu.KhrapkoDD.Sprint3.Task4.V8\Tyuiu.KhrapkoDD.Sprint3.Task4.V8.csproj", "{B3E16F31-4CA3-479B-9834-76A9E23C5D46}"
EndProject
Project("{FAE04EC0-301F-11D3-BF4B-00C04F79EFBC}") = "Tyuiu.KhrapkoDD.Sprint3.Task5.V18.Test", "Tyuiu.KhrapkoDD.Sprint3.Task5.V18.Test\Tyuiu.KhrapkoDD.Sprint3.Task5.V18.Test.csproj", "{5ABC55A2-7801-4522-8C1F-9718269EA703}"
EndProject
Project("{FAE04EC0-301F-11D3-BF4B-00C04F79EFBC}") = "Tyuiu.KhrapkoDD.Sprint3.Task5.V18", "Tyuiu.KhrapkoDD.Sprint3.Task5.V18\Tyuiu.KhrapkoDD.Sprint3.Task5.V18.csproj", "{09979D20-E581-4F32-A538-8B619DD7B384}"
EndProject
Project("{FAE04EC0-301F-11D3-BF4B-00C04F79EFBC}") = "Tyuiu.KhrapkoDD.Sprint3.Task5.V18.Lib", "Tyuiu.KhrapkoDD.Sprint3.Task5.V18.Lib\Tyuiu.KhrapkoDD.Sprint3.Task5.V18.Lib.csproj", "{AC516A5A-AAA1-4415-9717-9577FCD85097}"
EndProject
Project("{FAE04EC0-301F-11D3-BF4B-00C04F79EFBC}") = "Tyuiu.KhrapkoDD.Sprint3.Task6.V18.Test", "Tyuiu.KhrapkoDD.Sprint3.Task6.V18.Test\Tyuiu.KhrapkoDD.Sprint3.Task6.V18.Test.csproj", "{4106560A-5E6A-413F-98CF-02A9300B0277}"
EndProject
Project("{FAE04EC0-301F-11D3-BF4B-00C04F79EFBC}") = "Tyuiu.KhrapkoDD.Sprint3.Task6.V18", "Tyuiu.KhrapkoDD.Sprint3.Task6.V18\Tyuiu.KhrapkoDD.Sprint3.Task6.V18.csproj", "{E4AACA03-EE74-44E6-90C6-9E578BDA4036}"
EndProject
Project("{FAE04EC0-301F-11D3-BF4B-00C04F79EFBC}") = "Tyuiu.KhrapkoDD.Sprint3.Task6.V18.Lib", "Tyuiu.KhrapkoDD.Sprint3.Task6.V18.Lib\Tyuiu.KhrapkoDD.Sprint3.Task6.V18.Lib.csproj", "{2EFED515-7999-4A4B-9BB8-81D873CB3A98}"
EndProject
Project("{FAE04EC0-301F-11D3-BF4B-00C04F79EFBC}") = "Tyuiu.KhrapkoDD.Sprint3.Task7.V14.Test", "Tyuiu.KhrapkoDD.Sprint3.Task7.V14.Test\Tyuiu.KhrapkoDD.Sprint3.Task7.V14.Test.csproj", "{A7E0152D-F275-418C-BBE9-321BFF777392}"
EndProject
Project("{FAE04EC0-301F-11D3-BF4B-00C04F79EFBC}") = "Tyuiu.KhrapkoDD.Sprint3.Task7.V14", "Tyuiu.KhrapkoDD.Sprint3.Task7.V14\Tyuiu.KhrapkoDD.Sprint3.Task7.V14.csproj", "{4CD36220-14CF-4979-83AC-6665B3CCB892}"
EndProject
Project("{FAE04EC0-301F-11D3-BF4B-00C04F79EFBC}") = "Tyuiu.KhrapkoDD.Sprint3.Task7.V14.Lib", "Tyuiu.KhrapkoDD.Sprint3.Task7.V14.Lib\Tyuiu.KhrapkoDD.Sprint3.Task7.V14.Lib.csproj", "{362A4589-F799-428A-8069-30C201B785A0}"
EndProject
Global
	GlobalSection(SolutionConfigurationPlatforms) = preSolution
		Debug|Any CPU = Debug|Any CPU
		Release|Any CPU = Release|Any CPU
	EndGlobalSection
	GlobalSection(ProjectConfigurationPlatforms) = postSolution
		{3BCDD3F9-BF35-45E7-A41A-DBC799078B72}.Debug|Any CPU.ActiveCfg = Debug|Any CPU
		{3BCDD3F9-BF35-45E7-A41A-DBC799078B72}.Debug|Any CPU.Build.0 = Debug|Any CPU
		{3BCDD3F9-BF35-45E7-A41A-DBC799078B72}.Release|Any CPU.ActiveCfg = Release|Any CPU
		{3BCDD3F9-BF35-45E7-A41A-DBC799078B72}.Release|Any CPU.Build.0 = Release|Any CPU
		{60BCB64D-233F-4D45-AF0C-28F5DA839C94}.Debug|Any CPU.ActiveCfg = Debug|Any CPU
		{60BCB64D-233F-4D45-AF0C-28F5DA839C94}.Debug|Any CPU.Build.0 = Debug|Any CPU
		{60BCB64D-233F-4D45-AF0C-28F5DA839C94}.Release|Any CPU.ActiveCfg = Release|Any CPU
		{60BCB64D-233F-4D45-AF0C-28F5DA839C94}.Release|Any CPU.Build.0 = Release|Any CPU
		{D9E630AE-CA3B-439E-9D44-53BFAD4BF373}.Debug|Any CPU.ActiveCfg = Debug|Any CPU
		{D9E630AE-CA3B-439E-9D44-53BFAD4BF373}.Debug|Any CPU.Build.0 = Debug|Any CPU
		{D9E630AE-CA3B-439E-9D44-53BFAD4BF373}.Release|Any CPU.ActiveCfg = Release|Any CPU
		{D9E630AE-CA3B-439E-9D44-53BFAD4BF373}.Release|Any CPU.Build.0 = Release|Any CPU
		{ACA66C4B-2C17-4C9B-BFB2-60915EE2CF3D}.Debug|Any CPU.ActiveCfg = Debug|Any CPU
		{ACA66C4B-2C17-4C9B-BFB2-60915EE2CF3D}.Debug|Any CPU.Build.0 = Debug|Any CPU
		{ACA66C4B-2C17-4C9B-BFB2-60915EE2CF3D}.Release|Any CPU.ActiveCfg = Release|Any CPU
		{ACA66C4B-2C17-4C9B-BFB2-60915EE2CF3D}.Release|Any CPU.Build.0 = Release|Any CPU
		{9BA1F866-0245-4953-9155-CD12B4ACA8B7}.Debug|Any CPU.ActiveCfg = Debug|Any CPU
		{9BA1F866-0245-4953-9155-CD12B4ACA8B7}.Debug|Any CPU.Build.0 = Debug|Any CPU
		{9BA1F866-0245-4953-9155-CD12B4ACA8B7}.Release|Any CPU.ActiveCfg = Release|Any CPU
		{9BA1F866-0245-4953-9155-CD12B4ACA8B7}.Release|Any CPU.Build.0 = Release|Any CPU
		{F064A93A-E7A9-4AE4-89DC-347096C09BBB}.Debug|Any CPU.ActiveCfg = Debug|Any CPU
		{F064A93A-E7A9-4AE4-89DC-347096C09BBB}.Debug|Any CPU.Build.0 = Debug|Any CPU
		{F064A93A-E7A9-4AE4-89DC-347096C09BBB}.Release|Any CPU.ActiveCfg = Release|Any CPU
		{F064A93A-E7A9-4AE4-89DC-347096C09BBB}.Release|Any CPU.Build.0 = Release|Any CPU
		{80F68ABC-CC6B-4717-8497-508F74A87D36}.Debug|Any CPU.ActiveCfg = Debug|Any CPU
		{80F68ABC-CC6B-4717-8497-508F74A87D36}.Debug|Any CPU.Build.0 = Debug|Any CPU
		{80F68ABC-CC6B-4717-8497-508F74A87D36}.Release|Any CPU.ActiveCfg = Release|Any CPU
		{80F68ABC-CC6B-4717-8497-508F74A87D36}.Release|Any CPU.Build.0 = Release|Any CPU
		{9747D56B-4180-4287-A329-3B492538E776}.Debug|Any CPU.ActiveCfg = Debug|Any CPU
		{9747D56B-4180-4287-A329-3B492538E776}.Debug|Any CPU.Build.0 = Debug|Any CPU
		{9747D56B-4180-4287-A329-3B492538E776}.Release|Any CPU.ActiveCfg = Release|Any CPU
		{9747D56B-4180-4287-A329-3B492538E776}.Release|Any CPU.Build.0 = Release|Any CPU
		{C7931140-4A4E-464F-9785-6BFC06E806B3}.Debug|Any CPU.ActiveCfg = Debug|Any CPU
		{C7931140-4A4E-464F-9785-6BFC06E806B3}.Debug|Any CPU.Build.0 = Debug|Any CPU
		{C7931140-4A4E-464F-9785-6BFC06E806B3}.Release|Any CPU.ActiveCfg = Release|Any CPU
		{C7931140-4A4E-464F-9785-6BFC06E806B3}.Release|Any CPU.Build.0 = Release|Any CPU
		{96A4C4E6-D191-41BE-8D53-BA8F0896856D}.Debug|Any CPU.ActiveCfg = Debug|Any CPU
		{96A4C4E6-D191-41BE-8D53-BA8F0896856D}.Debug|Any CPU.Build.0 = Debug|Any CPU
		{96A4C4E6-D191-41BE-8D53-BA8F0896856D}.Release|Any CPU.ActiveCfg = Release|Any CPU
		{96A4C4E6-D191-41BE-8D53-BA8F0896856D}.Release|Any CPU.Build.0 = Release|Any CPU
		{60889E39-ADD0-42F2-AE5E-6B601306404C}.Debug|Any CPU.ActiveCfg = Debug|Any CPU
		{60889E39-ADD0-42F2-AE5E-6B601306404C}.Debug|Any CPU.Build.0 = Debug|Any CPU
		{60889E39-ADD0-42F2-AE5E-6B601306404C}.Release|Any CPU.ActiveCfg = Release|Any CPU
		{60889E39-ADD0-42F2-AE5E-6B601306404C}.Release|Any CPU.Build.0 = Release|Any CPU
		{214EC1C9-BFB7-4329-BAE9-175CDA4FD779}.Debug|Any CPU.ActiveCfg = Debug|Any CPU
		{214EC1C9-BFB7-4329-BAE9-175CDA4FD779}.Debug|Any CPU.Build.0 = Debug|Any CPU
		{214EC1C9-BFB7-4329-BAE9-175CDA4FD779}.Release|Any CPU.ActiveCfg = Release|Any CPU
		{214EC1C9-BFB7-4329-BAE9-175CDA4FD779}.Release|Any CPU.Build.0 = Release|Any CPU
		{4D76B379-5FA3-4E85-BADB-06DAB05AEF99}.Debug|Any CPU.ActiveCfg = Debug|Any CPU
		{4D76B379-5FA3-4E85-BADB-06DAB05AEF99}.Debug|Any CPU.Build.0 = Debug|Any CPU
		{4D76B379-5FA3-4E85-BADB-06DAB05AEF99}.Release|Any CPU.ActiveCfg = Release|Any CPU
		{4D76B379-5FA3-4E85-BADB-06DAB05AEF99}.Release|Any CPU.Build.0 = Release|Any CPU
		{265C13B7-74BF-48F2-87A9-19BB2E4401E3}.Debug|Any CPU.ActiveCfg = Debug|Any CPU
		{265C13B7-74BF-48F2-87A9-19BB2E4401E3}.Debug|Any CPU.Build.0 = Debug|Any CPU
		{265C13B7-74BF-48F2-87A9-19BB2E4401E3}.Release|Any CPU.ActiveCfg = Release|Any CPU
		{265C13B7-74BF-48F2-87A9-19BB2E4401E3}.Release|Any CPU.Build.0 = Release|Any CPU
		{B3E16F31-4CA3-479B-9834-76A9E23C5D46}.Debug|Any CPU.ActiveCfg = Debug|Any CPU
		{B3E16F31-4CA3-479B-9834-76A9E23C5D46}.Debug|Any CPU.Build.0 = Debug|Any CPU
		{B3E16F31-4CA3-479B-9834-76A9E23C5D46}.Release|Any CPU.ActiveCfg = Release|Any CPU
		{B3E16F31-4CA3-479B-9834-76A9E23C5D46}.Release|Any CPU.Build.0 = Release|Any CPU
		{5ABC55A2-7801-4522-8C1F-9718269EA703}.Debug|Any CPU.ActiveCfg = Debug|Any CPU
		{5ABC55A2-7801-4522-8C1F-9718269EA703}.Debug|Any CPU.Build.0 = Debug|Any CPU
		{5ABC55A2-7801-4522-8C1F-9718269EA703}.Release|Any CPU.ActiveCfg = Release|Any CPU
		{5ABC55A2-7801-4522-8C1F-9718269EA703}.Release|Any CPU.Build.0 = Release|Any CPU
		{09979D20-E581-4F32-A538-8B619DD7B384}.Debug|Any CPU.ActiveCfg = Debug|Any CPU
		{09979D20-E581-4F32-A538-8B619DD7B384}.Debug|Any CPU.Build.0 = Debug|Any CPU
		{09979D20-E581-4F32-A538-8B619DD7B384}.Release|Any CPU.ActiveCfg = Release|Any CPU
		{09979D20-E581-4F32-A538-8B619DD7B384}.Release|Any CPU.Build.0 = Release|Any CPU
		{AC516A5A-AAA1-4415-9717-9577FCD85097}.Debug|Any CPU.ActiveCfg = Debug|Any CPU
		{AC516A5A-AAA1-4415-9717-9577FCD85097}.Debug|Any CPU.Build.0 = Debug|Any CPU
		{AC516A5A-AAA1-4415-9717-9577FCD85097}.Release|Any CPU.ActiveCfg = Release|Any CPU
		{AC516A5A-AAA1-4415-9717-9577FCD85097}.Release|Any CPU.Build.0 = Release|Any CPU
		{4106560A-5E6A-413F-98CF-02A9300B0277}.Debug|Any CPU.ActiveCfg = Debug|Any CPU
		{4106560A-5E6A-413F-98CF-02A9300B0277}.Debug|Any CPU.Build.0 = Debug|Any CPU
		{4106560A-5E6A-413F-98CF-02A9300B0277}.Release|Any CPU.ActiveCfg = Release|Any CPU
		{4106560A-5E6A-413F-98CF-02A9300B0277}.Release|Any CPU.Build.0 = Release|Any CPU
		{E4AACA03-EE74-44E6-90C6-9E578BDA4036}.Debug|Any CPU.ActiveCfg = Debug|Any CPU
		{E4AACA03-EE74-44E6-90C6-9E578BDA4036}.Debug|Any CPU.Build.0 = Debug|Any CPU
		{E4AACA03-EE74-44E6-90C6-9E578BDA4036}.Release|Any CPU.ActiveCfg = Release|Any CPU
		{E4AACA03-EE74-44E6-90C6-9E578BDA4036}.Release|Any CPU.Build.0 = Release|Any CPU
		{2EFED515-7999-4A4B-9BB8-81D873CB3A98}.Debug|Any CPU.ActiveCfg = Debug|Any CPU
		{2EFED515-7999-4A4B-9BB8-81D873CB3A98}.Debug|Any CPU.Build.0 = Debug|Any CPU
		{2EFED515-7999-4A4B-9BB8-81D873CB3A98}.Release|Any CPU.ActiveCfg = Release|Any CPU
		{2EFED515-7999-4A4B-9BB8-81D873CB3A98}.Release|Any CPU.Build.0 = Release|Any CPU
		{A7E0152D-F275-418C-BBE9-321BFF777392}.Debug|Any CPU.ActiveCfg = Debug|Any CPU
		{A7E0152D-F275-418C-BBE9-321BFF777392}.Debug|Any CPU.Build.0 = Debug|Any CPU
		{A7E0152D-F275-418C-BBE9-321BFF777392}.Release|Any CPU.ActiveCfg = Release|Any CPU
		{A7E0152D-F275-418C-BBE9-321BFF777392}.Release|Any CPU.Build.0 = Release|Any CPU
		{4CD36220-14CF-4979-83AC-6665B3CCB892}.Debug|Any CPU.ActiveCfg = Debug|Any CPU
		{4CD36220-14CF-4979-83AC-6665B3CCB892}.Debug|Any CPU.Build.0 = Debug|Any CPU
		{4CD36220-14CF-4979-83AC-6665B3CCB892}.Release|Any CPU.ActiveCfg = Release|Any CPU
		{4CD36220-14CF-4979-83AC-6665B3CCB892}.Release|Any CPU.Build.0 = Release|Any CPU
		{362A4589-F799-428A-8069-30C201B785A0}.Debug|Any CPU.ActiveCfg = Debug|Any CPU
		{362A4589-F799-428A-8069-30C201B785A0}.Debug|Any CPU.Build.0 = Debug|Any CPU
		{362A4589-F799-428A-8069-30C201B785A0}.Release|Any CPU.ActiveCfg = Release|Any CPU
		{362A4589-F799-428A-8069-30C201B785A0}.Release|Any CPU.Build.0 = Release|Any CPU
	EndGlobalSection
	GlobalSection(SolutionProperties) = preSolution
		HideSolutionNode = FALSE
	EndGlobalSection
	GlobalSection(NestedProjects) = preSolution
		{3BCDD3F9-BF35-45E7-A41A-DBC799078B72} = {DA5619D5-F589-408D-9428-B027A67930EA}
		{60BCB64D-233F-4D45-AF0C-28F5DA839C94} = {DA5619D5-F589-408D-9428-B027A67930EA}
		{D9E630AE-CA3B-439E-9D44-53BFAD4BF373} = {DA5619D5-F589-408D-9428-B027A67930EA}
		{ACA66C4B-2C17-4C9B-BFB2-60915EE2CF3D} = {95871AEA-673B-4A5C-AF14-AC399FAFDFB4}
		{9BA1F866-0245-4953-9155-CD12B4ACA8B7} = {95871AEA-673B-4A5C-AF14-AC399FAFDFB4}
		{F064A93A-E7A9-4AE4-89DC-347096C09BBB} = {95871AEA-673B-4A5C-AF14-AC399FAFDFB4}
		{80F68ABC-CC6B-4717-8497-508F74A87D36} = {46465B6E-B2E4-4C9B-9E59-E433338B86E8}
		{9747D56B-4180-4287-A329-3B492538E776} = {46465B6E-B2E4-4C9B-9E59-E433338B86E8}
		{C7931140-4A4E-464F-9785-6BFC06E806B3} = {46465B6E-B2E4-4C9B-9E59-E433338B86E8}
		{96A4C4E6-D191-41BE-8D53-BA8F0896856D} = {76AFEEEF-A215-471B-9DF8-A4DA254C69BD}
		{60889E39-ADD0-42F2-AE5E-6B601306404C} = {76AFEEEF-A215-471B-9DF8-A4DA254C69BD}
		{214EC1C9-BFB7-4329-BAE9-175CDA4FD779} = {76AFEEEF-A215-471B-9DF8-A4DA254C69BD}
		{4D76B379-5FA3-4E85-BADB-06DAB05AEF99} = {C964135F-378D-497D-A6C2-E2F8A56E9275}
		{265C13B7-74BF-48F2-87A9-19BB2E4401E3} = {C964135F-378D-497D-A6C2-E2F8A56E9275}
		{B3E16F31-4CA3-479B-9834-76A9E23C5D46} = {C964135F-378D-497D-A6C2-E2F8A56E9275}
		{5ABC55A2-7801-4522-8C1F-9718269EA703} = {2D81A9D5-D6B2-4854-B7F0-8EC1A0C54556}
		{09979D20-E581-4F32-A538-8B619DD7B384} = {2D81A9D5-D6B2-4854-B7F0-8EC1A0C54556}
		{AC516A5A-AAA1-4415-9717-9577FCD85097} = {2D81A9D5-D6B2-4854-B7F0-8EC1A0C54556}
		{4106560A-5E6A-413F-98CF-02A9300B0277} = {CBC770EC-11D8-491D-A6E8-1826D27468C1}
		{E4AACA03-EE74-44E6-90C6-9E578BDA4036} = {CBC770EC-11D8-491D-A6E8-1826D27468C1}
		{2EFED515-7999-4A4B-9BB8-81D873CB3A98} = {CBC770EC-11D8-491D-A6E8-1826D27468C1}
		{A7E0152D-F275-418C-BBE9-321BFF777392} = {35D85FAA-F6EF-4793-B485-86DEEB86F969}
		{4CD36220-14CF-4979-83AC-6665B3CCB892} = {35D85FAA-F6EF-4793-B485-86DEEB86F969}
		{362A4589-F799-428A-8069-30C201B785A0} = {35D85FAA-F6EF-4793-B485-86DEEB86F969}
	EndGlobalSection
	GlobalSection(ExtensibilityGlobals) = postSolution
		SolutionGuid = {48EB8212-8136-447A-AE28-4C1D90AE06D9}
	EndGlobalSection
EndGlobal
